
Microsoft Visual Studio Solution File, Format Version 12.00
# Visual Studio 15
VisualStudioVersion = 15.0.27428.2043
MinimumVisualStudioVersion = 10.0.40219.1
Project("{FAE04EC0-301F-11D3-BF4B-00C04F79EFBC}") = "GRCearned", "GRCearned\GRCearned\GRCearned.csproj", "{DE25EE6B-4E65-4141-B3F4-9FECB5758F3F}"
EndProject
Project("{FAE04EC0-301F-11D3-BF4B-00C04F79EFBC}") = "HostProjectStats", "HostProjectStats\HostProjectStats\HostProjectStats.csproj", "{C84FC968-04E8-44B9-AC57-0328EEF62BCB}"
EndProject
Global
	GlobalSection(SolutionConfigurationPlatforms) = preSolution
		Debug|Any CPU = Debug|Any CPU
		Release|Any CPU = Release|Any CPU
	EndGlobalSection
	GlobalSection(ProjectConfigurationPlatforms) = postSolution
		{DE25EE6B-4E65-4141-B3F4-9FECB5758F3F}.Debug|Any CPU.ActiveCfg = Debug|Any CPU
		{DE25EE6B-4E65-4141-B3F4-9FECB5758F3F}.Debug|Any CPU.Build.0 = Debug|Any CPU
		{DE25EE6B-4E65-4141-B3F4-9FECB5758F3F}.Release|Any CPU.ActiveCfg = Release|Any CPU
		{DE25EE6B-4E65-4141-B3F4-9FECB5758F3F}.Release|Any CPU.Build.0 = Release|Any CPU
		{C84FC968-04E8-44B9-AC57-0328EEF62BCB}.Debug|Any CPU.ActiveCfg = Debug|Any CPU
		{C84FC968-04E8-44B9-AC57-0328EEF62BCB}.Debug|Any CPU.Build.0 = Debug|Any CPU
		{C84FC968-04E8-44B9-AC57-0328EEF62BCB}.Release|Any CPU.ActiveCfg = Release|Any CPU
		{C84FC968-04E8-44B9-AC57-0328EEF62BCB}.Release|Any CPU.Build.0 = Release|Any CPU
	EndGlobalSection
	GlobalSection(SolutionProperties) = preSolution
		HideSolutionNode = FALSE
	EndGlobalSection
	GlobalSection(ExtensibilityGlobals) = postSolution
		SolutionGuid = {0739BDB5-4314-4997-9F04-6257EEB75C58}
	EndGlobalSection
EndGlobal
